Microsoft Visual Studio Solution File, Format Version 12.00
# Visual Studio 2012
Project("{FAE04EC0-301F-11D3-BF4B-00C04F79EFBC}") = "Top Down Racing", "Top Down Racing.csproj", "{0BB8CC28-656F-4AE9-96A1-C15669DA92DC}"
EndProject
Global
	GlobalSection(SolutionConfigurationPlatforms) = preSolution
	Debug|Any CPU = Debug|Any CPU
	ExportDebug|Any CPU = ExportDebug|Any CPU
	ExportRelease|Any CPU = ExportRelease|Any CPU
	EndGlobalSection
	GlobalSection(ProjectConfigurationPlatforms) = postSolution
		{0BB8CC28-656F-4AE9-96A1-C15669DA92DC}.Debug|Any CPU.ActiveCfg = Debug|Any CPU
		{0BB8CC28-656F-4AE9-96A1-C15669DA92DC}.Debug|Any CPU.Build.0 = Debug|Any CPU
		{0BB8CC28-656F-4AE9-96A1-C15669DA92DC}.ExportDebug|Any CPU.ActiveCfg = ExportDebug|Any CPU
		{0BB8CC28-656F-4AE9-96A1-C15669DA92DC}.ExportDebug|Any CPU.Build.0 = ExportDebug|Any CPU
		{0BB8CC28-656F-4AE9-96A1-C15669DA92DC}.ExportRelease|Any CPU.ActiveCfg = ExportRelease|Any CPU
		{0BB8CC28-656F-4AE9-96A1-C15669DA92DC}.ExportRelease|Any CPU.Build.0 = ExportRelease|Any CPU
	EndGlobalSection
EndGlobal
